
Microsoft Visual Studio Solution File, Format Version 12.00
# Visual Studio Version 16
VisualStudioVersion = 16.0.30002.166
MinimumVisualStudioVersion = 10.0.40219.1
Project("{FAE04EC0-301F-11D3-BF4B-00C04F79EFBC}") = "VehiculoMotorizadoAControlRemoto", "VehiculoMotorizadoAControlRemoto\VehiculoMotorizadoAControlRemoto.csproj", "{AE966CED-5B99-4EF0-9871-CB4A9FDFCAE6}"
EndProject
Global
	GlobalSection(SolutionConfigurationPlatforms) = preSolution
		Debug|Any CPU = Debug|Any CPU
		Release|Any CPU = Release|Any CPU
	EndGlobalSection
	GlobalSection(ProjectConfigurationPlatforms) = postSolution
		{AE966CED-5B99-4EF0-9871-CB4A9FDFCAE6}.Debug|Any CPU.ActiveCfg = Debug|Any CPU
		{AE966CED-5B99-4EF0-9871-CB4A9FDFCAE6}.Debug|Any CPU.Build.0 = Debug|Any CPU
		{AE966CED-5B99-4EF0-9871-CB4A9FDFCAE6}.Release|Any CPU.ActiveCfg = Release|Any CPU
		{AE966CED-5B99-4EF0-9871-CB4A9FDFCAE6}.Release|Any CPU.Build.0 = Release|Any CPU
	EndGlobalSection
	GlobalSection(SolutionProperties) = preSolution
		HideSolutionNode = FALSE
	EndGlobalSection
	GlobalSection(ExtensibilityGlobals) = postSolution
		SolutionGuid = {CFBC302C-FB21-4E73-92A4-EE4D65409216}
	EndGlobalSection
EndGlobal
